
Microsoft Visual Studio Solution File, Format Version 12.00
# Visual Studio Version 16
VisualStudioVersion = 16.0.30523.141
MinimumVisualStudioVersion = 10.0.40219.1
Project("{159641D6-6404-4A2A-AE62-294DE0FE8301}") = "Data Mart", "Data Mart\Data Mart.dtproj", "{7FFCAA88-6FA4-4739-B9B6-8E174C80845A}"
EndProject
Global
	GlobalSection(SolutionConfigurationPlatforms) = preSolution
		Development|Default = Development|Default
	EndGlobalSection
	GlobalSection(ProjectConfigurationPlatforms) = postSolution
		{7FFCAA88-6FA4-4739-B9B6-8E174C80845A}.Development|Default.ActiveCfg = Development
		{7FFCAA88-6FA4-4739-B9B6-8E174C80845A}.Development|Default.Build.0 = Development
	EndGlobalSection
	GlobalSection(SolutionProperties) = preSolution
		HideSolutionNode = FALSE
	EndGlobalSection
	GlobalSection(ExtensibilityGlobals) = postSolution
		SolutionGuid = {A945B85C-5881-458B-B898-4DA750483C2E}
	EndGlobalSection
EndGlobal
